
Microsoft Visual Studio Solution File, Format Version 12.00
# Visual Studio Version 17
VisualStudioVersion = 17.4.33122.133
MinimumVisualStudioVersion = 10.0.40219.1
Project("{FAE04EC0-301F-11D3-BF4B-00C04F79EFBC}") = "RateLimitingSample", "RateLimitingSample\RateLimitingSample.csproj", "{248901C3-8000-47BE-8F35-68F7C9E6054C}"
EndProject
Global
	GlobalSection(SolutionConfigurationPlatforms) = preSolution
		Debug|Any CPU = Debug|Any CPU
		Release|Any CPU = Release|Any CPU
	EndGlobalSection
	GlobalSection(ProjectConfigurationPlatforms) = postSolution
		{248901C3-8000-47BE-8F35-68F7C9E6054C}.Debug|Any CPU.ActiveCfg = Debug|Any CPU
		{248901C3-8000-47BE-8F35-68F7C9E6054C}.Debug|Any CPU.Build.0 = Debug|Any CPU
		{248901C3-8000-47BE-8F35-68F7C9E6054C}.Release|Any CPU.ActiveCfg = Release|Any CPU
		{248901C3-8000-47BE-8F35-68F7C9E6054C}.Release|Any CPU.Build.0 = Release|Any CPU
	EndGlobalSection
	GlobalSection(SolutionProperties) = preSolution
		HideSolutionNode = FALSE
	EndGlobalSection
	GlobalSection(ExtensibilityGlobals) = postSolution
		SolutionGuid = {168AD597-1854-43BE-B7D3-F7EEAAA285EB}
	EndGlobalSection
EndGlobal
